PODS:
  - Alamofire (4.2.0)
  - GABoardGameGeek (0.2.0):
    - Alamofire (~> 4.0)
    - SWXMLHash (~> 3.0)
  - Nimble (5.1.1)
  - OHHTTPStubs (5.2.3):
    - OHHTTPStubs/Default (= 5.2.3)
  - OHHTTPStubs/Core (5.2.3)
  - OHHTTPStubs/Default (5.2.3):
    - OHHTTPStubs/Core
    - OHHTTPStubs/JSON
    - OHHTTPStubs/NSURLSession
    - OHHTTPStubs/OHPathHelpers
  - OHHTTPStubs/JSON (5.2.3):
    - OHHTTPStubs/Core
  - OHHTTPStubs/NSURLSession (5.2.3):
    - OHHTTPStubs/Core
  - OHHTTPStubs/OHPathHelpers (5.2.3)
  - OHHTTPStubs/Swift (5.2.3):
    - OHHTTPStubs/Core
  - Quick (1.0.0)
  - SWXMLHash (3.0.3)

DEPENDENCIES:
  - GABoardGameGeek (from `../`)
  - Nimble
  - OHHTTPStubs
  - OHHTTPStubs/Swift
  - Quick

EXTERNAL SOURCES:
  GABoardGameGeek:
    :path: ../

SPEC CHECKSUMS:
  Alamofire: aa2e09d871c9160ac53c90e83c68064a94e3dfbe
  GABoardGameGeek: 673f32df168634d9d6984a9ffadcd5021b67504d
  Nimble: 415e3aa3267e7bc2c96b05fa814ddea7bb686a29
  OHHTTPStubs: e238cd5b66d8efa51c861db45895de8fe079f4a7
  Quick: 8024e4a47e6cc03a9d5245ef0948264fc6d27cff
  SWXMLHash: 80d2529d74891bb2f15305a0b9e08f2a4f229ee7

PODFILE CHECKSUM: 54474ed4c073938fd2dbb3036f9e72cce6b2fad8

COCOAPODS: 1.1.1
