PODS:
  - Alamofire (5.7.1)
  - GABoardGameGeek (2.0.0):
    - Alamofire
    - SWXMLHash
  - Nimble (12.0.0)
  - OHHTTPStubs (9.1.0):
    - OHHTTPStubs/Default (= 9.1.0)
  - OHHTTPStubs/Core (9.1.0)
  - OHHTTPStubs/Default (9.1.0):
    - OHHTTPStubs/Core
    - OHHTTPStubs/JSON
    - OHHTTPStubs/NSURLSession
    - OHHTTPStubs/OHPathHelpers
  - OHHTTPStubs/JSON (9.1.0):
    - OHHTTPStubs/Core
  - OHHTTPStubs/NSURLSession (9.1.0):
    - OHHTTPStubs/Core
  - OHHTTPStubs/OHPathHelpers (9.1.0)
  - OHHTTPStubs/Swift (9.1.0):
    - OHHTTPStubs/Default
  - Quick (7.0.0)
  - SWXMLHash (7.0.2)

DEPENDENCIES:
  - GABoardGameGeek (from `../`)
  - Nimble
  - OHHTTPStubs
  - OHHTTPStubs/Swift
  - Quick

SPEC REPOS:
  trunk:
    - Alamofire
    - Nimble
    - OHHTTPStubs
    - Quick
    - SWXMLHash

EXTERNAL SOURCES:
  GABoardGameGeek:
    :path: "../"

SPEC CHECKSUMS:
  Alamofire: 0123a34370cb170936ae79a8df46cc62b2edeb88
  GABoardGameGeek: 9db7dd0add975d0b1243f2ea54bfaaa4f65be928
  Nimble: 02a4990866e51868303a466970cd1c81bb84a192
  OHHTTPStubs: 90eac6d8f2c18317baeca36698523dc67c513831
  Quick: f57e9c1acc5ff48d2b04e23a17b4892eda5a3b09
  SWXMLHash: dd733a457e9c4fe93b1538654057aefae4acb382

PODFILE CHECKSUM: 873f2dfa41de9ed82532168b31e252f7cabf491e

COCOAPODS: 1.12.1
